
Microsoft Visual Studio Solution File, Format Version 12.00
# Visual Studio Version 17
VisualStudioVersion = 17.3.32825.248
MinimumVisualStudioVersion = 10.0.40219.1
Project("{FAE04EC0-301F-11D3-BF4B-00C04F79EFBC}") = "DemoSplitFiles", "DemoSplitFiles\DemoSplitFiles.csproj", "{8696D752-73C8-498B-88DB-4ABC07B7CE12}"
EndProject
Global
	GlobalSection(SolutionConfigurationPlatforms) = preSolution
		Debug|Any CPU = Debug|Any CPU
		Release|Any CPU = Release|Any CPU
	EndGlobalSection
	GlobalSection(ProjectConfigurationPlatforms) = postSolution
		{8696D752-73C8-498B-88DB-4ABC07B7CE12}.Debug|Any CPU.ActiveCfg = Debug|Any CPU
		{8696D752-73C8-498B-88DB-4ABC07B7CE12}.Debug|Any CPU.Build.0 = Debug|Any CPU
		{8696D752-73C8-498B-88DB-4ABC07B7CE12}.Release|Any CPU.ActiveCfg = Release|Any CPU
		{8696D752-73C8-498B-88DB-4ABC07B7CE12}.Release|Any CPU.Build.0 = Release|Any CPU
	EndGlobalSection
	GlobalSection(SolutionProperties) = preSolution
		HideSolutionNode = FALSE
	EndGlobalSection
	GlobalSection(ExtensibilityGlobals) = postSolution
		SolutionGuid = {DAC76EA9-DD95-459B-B517-E3BD89FF2252}
	EndGlobalSection
EndGlobal
